
Microsoft Visual Studio Solution File, Format Version 12.00
# Visual Studio Version 17
VisualStudioVersion = 17.3.32811.315
MinimumVisualStudioVersion = 10.0.40219.1
Project("{FAE04EC0-301F-11D3-BF4B-00C04F79EFBC}") = "Carrot", "Carrot\Carrot.csproj", "{3692A9DD-0EEE-4674-B219-1B372B7B4BF8}"
EndProject
Global
	GlobalSection(SolutionConfigurationPlatforms) = preSolution
		Debug|Any CPU = Debug|Any CPU
		Release|Any CPU = Release|Any CPU
	EndGlobalSection
	GlobalSection(ProjectConfigurationPlatforms) = postSolution
		{3692A9DD-0EEE-4674-B219-1B372B7B4BF8}.Debug|Any CPU.ActiveCfg = Debug|Any CPU
		{3692A9DD-0EEE-4674-B219-1B372B7B4BF8}.Debug|Any CPU.Build.0 = Debug|Any CPU
		{3692A9DD-0EEE-4674-B219-1B372B7B4BF8}.Release|Any CPU.ActiveCfg = Release|Any CPU
		{3692A9DD-0EEE-4674-B219-1B372B7B4BF8}.Release|Any CPU.Build.0 = Release|Any CPU
	EndGlobalSection
	GlobalSection(SolutionProperties) = preSolution
		HideSolutionNode = FALSE
	EndGlobalSection
	GlobalSection(ExtensibilityGlobals) = postSolution
		SolutionGuid = {BA2B2CBA-410D-4DA9-AB78-AE81A4B21957}
	EndGlobalSection
EndGlobal
